// !$*UTF8*$!
{
	archiveVersion = 1;
	classes = {
	};
	objectVersion = 46;
	objects = {

/* Begin PBXBuildFile section */
		1A5E2B211DD19CE70028DA9F /* main.cpp in Sources */ = {isa = PBXBuildFile; fileRef = 1A5E2B201DD19CE70028DA9F /* main.cpp */; };
		1A5E2B291DD19D0D0028DA9F /* libcurl.tbd in Frameworks */ = {isa = PBXBuildFile; fileRef = 1A5E2B281DD19D0D0028DA9F /* libcurl.tbd */; };
		1A5E2B321DD2B17B0028DA9F /* Data.cpp in Sources */ = {isa = PBXBuildFile; fileRef = 1A5E2B301DD2B17B0028DA9F /* Data.cpp */; };
/* End PBXBuildFile section */

/* Begin PBXCopyFilesBuildPhase section */
		1A5E2B1B1DD19CE70028DA9F /* CopyFiles */ = {
			isa = PBXCopyFilesBuildPhase;
			buildActionMask = 2147483647;
			dstPath = /usr/share/man/man1/;
			dstSubfolderSpec = 0;
			files = (
			);
			runOnlyForDeploymentPostprocessing = 1;
		};
/* End PBXCopyFilesBuildPhase section */

/* Begin PBXFileReference section */
		1A5E2B1D1DD19CE70028DA9F /* tradeAnalyzer */ = {isa = PBXFileReference; explicitFileType = "compiled.mach-o.executable"; includeInIndex = 0; path = tradeAnalyzer; sourceTree = BUILT_PRODUCTS_DIR; };
		1A5E2B201DD19CE70028DA9F /* main.cpp */ = {isa = PBXFileReference; lastKnownFileType = sourcecode.cpp.cpp; path = main.cpp; sourceTree = "<group>"; };
		1A5E2B281DD19D0D0028DA9F /* libcurl.tbd */ = {isa = PBXFileReference; lastKnownFileType = "sourcecode.text-based-dylib-definition"; name = libcurl.tbd; path = usr/lib/libcurl.tbd; sourceTree = SDKROOT; };
		1A5E2B301DD2B17B0028DA9F /* Data.cpp */ = {isa = PBXFileReference; fileEncoding = 4; lastKnownFileType = sourcecode.cpp.cpp; path = Data.cpp; sourceTree = "<group>"; };
		1A5E2B311DD2B17B0028DA9F /* Data.hpp */ = {isa = PBXFileReference; fileEncoding = 4; lastKnownFileType = sourcecode.cpp.h; path = Data.hpp; sourceTree = "<group>"; };
/* End PBXFileReference section */

/* Begin PBXFrameworksBuildPhase section */
		1A5E2B1A1DD19CE70028DA9F /* Frameworks */ = {
			isa = PBXFrameworksBuildPhase;
			buildActionMask = 2147483647;
			files = (
				1A5E2B291DD19D0D0028DA9F /* libcurl.tbd in Frameworks */,
			);
			runOnlyForDeploymentPostprocessing = 0;
		};
/* End PBXFrameworksBuildPhase section */

/* Begin PBXGroup section */
		1A5E2B141DD19CE70028DA9F = {
			isa = PBXGroup;
			children = (
				1A5E2B1F1DD19CE70028DA9F /* tradeAnalyzer */,
				1A5E2B1E1DD19CE70028DA9F /* Products */,
				1A5E2B271DD19D0D0028DA9F /* Frameworks */,
			);
			sourceTree = "<group>";
		};
		1A5E2B1E1DD19CE70028DA9F /* Products */ = {
			isa = PBXGroup;
			children = (
				1A5E2B1D1DD19CE70028DA9F /* tradeAnalyzer */,
			);
			name = Products;
			sourceTree = "<group>";
		};
		1A5E2B1F1DD19CE70028DA9F /* tradeAnalyzer */ = {
			isa = PBXGroup;
			children = (
				1A5E2B201DD19CE70028DA9F /* main.cpp */,
				1A5E2B301DD2B17B0028DA9F /* Data.cpp */,
				1A5E2B311DD2B17B0028DA9F /* Data.hpp */,
			);
			path = tradeAnalyzer;
			sourceTree = "<group>";
		};
		1A5E2B271DD19D0D0028DA9F /* Frameworks */ = {
			isa = PBXGroup;
			children = (
				1A5E2B281DD19D0D0028DA9F /* libcurl.tbd */,
			);
			name = Frameworks;
			sourceTree = "<group>";
		};
/* End PBXGroup section */

/* Begin PBXNativeTarget section */
		1A5E2B1C1DD19CE70028DA9F /* tradeAnalyzer */ = {
			isa = PBXNativeTarget;
			buildConfigurationList = 1A5E2B241DD19CE70028DA9F /* Build configuration list for PBXNativeTarget "tradeAnalyzer" */;
			buildPhases = (
				1A5E2B191DD19CE70028DA9F /* Sources */,
				1A5E2B1A1DD19CE70028DA9F /* Frameworks */,
				1A5E2B1B1DD19CE70028DA9F /* CopyFiles */,
			);
			buildRules = (
			);
			dependencies = (
			);
			name = tradeAnalyzer;
			productName = tradeAnalyzer;
			productReference = 1A5E2B1D1DD19CE70028DA9F /* tradeAnalyzer */;
			productType = "com.apple.product-type.tool";
		};
/* End PBXNativeTarget section */

/* Begin PBXProject section */
		1A5E2B151DD19CE70028DA9F /* Project object */ = {
			isa = PBXProject;
			attributes = {
				LastUpgradeCheck = 0810;
				ORGANIZATIONNAME = PointsApp;
				TargetAttributes = {
					1A5E2B1C1DD19CE70028DA9F = {
						CreatedOnToolsVersion = 8.1;
						ProvisioningStyle = Automatic;
					};
				};
			};
			buildConfigurationList = 1A5E2B181DD19CE70028DA9F /* Build configuration list for PBXProject "tradeAnalyzer" */;
			compatibilityVersion = "Xcode 3.2";
			developmentRegion = English;
			hasScannedForEncodings = 0;
			knownRegions = (
				en,
			);
			mainGroup = 1A5E2B141DD19CE70028DA9F;
			productRefGroup = 1A5E2B1E1DD19CE70028DA9F /* Products */;
			projectDirPath = "";
			projectRoot = "";
			targets = (
				1A5E2B1C1DD19CE70028DA9F /* tradeAnalyzer */,
			);
		};
/* End PBXProject section */

/* Begin PBXSourcesBuildPhase section */
		1A5E2B191DD19CE70028DA9F /* Sources */ = {
			isa = PBXSourcesBuildPhase;
			buildActionMask = 2147483647;
			files = (
				1A5E2B211DD19CE70028DA9F /* main.cpp in Sources */,
				1A5E2B321DD2B17B0028DA9F /* Data.cpp in Sources */,
			);
			runOnlyForDeploymentPostprocessing = 0;
		};
/* End PBXSourcesBuildPhase section */

/* Begin XCBuildConfiguration section */
		1A5E2B221DD19CE70028DA9F /* Debug */ = {
			isa = XCBuildConfiguration;
			buildSettings = {
				ALWAYS_SEARCH_USER_PATHS = NO;
				CLANG_ANALYZER_NONNULL = YES;
				CLANG_CXX_LANGUAGE_STANDARD = "gnu++0x";
				CLANG_CXX_LIBRARY = "libc++";
				CLANG_ENABLE_MODULES = YES;
				CLANG_ENABLE_OBJC_ARC = YES;
				CLANG_WARN_BOOL_CONVERSION = YES;
				CLANG_WARN_CONSTANT_CONVERSION = YES;
				CLANG_WARN_DIRECT_OBJC_ISA_USAGE = YES_ERROR;
				CLANG_WARN_DOCUMENTATION_COMMENTS = YES;
				CLANG_WARN_EMPTY_BODY = YES;
				CLANG_WARN_ENUM_CONVERSION = YES;
				CLANG_WARN_INFINITE_RECURSION = YES;
				CLANG_WARN_INT_CONVERSION = YES;
				CLANG_WARN_OBJC_ROOT_CLASS = YES_ERROR;
				CLANG_WARN_SUSPICIOUS_MOVES = YES;
				CLANG_WARN_UNREACHABLE_CODE = YES;
				CLANG_WARN__DUPLICATE_METHOD_MATCH = YES;
				CODE_SIGN_IDENTITY = "-";
				COPY_PHASE_STRIP = NO;
				DEBUG_INFORMATION_FORMAT = dwarf;
				ENABLE_STRICT_OBJC_MSGSEND = YES;
				ENABLE_TESTABILITY = YES;
				GCC_C_LANGUAGE_STANDARD = gnu99;
				GCC_DYNAMIC_NO_PIC = NO;
				GCC_NO_COMMON_BLOCKS = YES;
				GCC_OPTIMIZATION_LEVEL = 0;
				GCC_PREPROCESSOR_DEFINITIONS = (
					"DEBUG=1",
					"$(inherited)",
				);
				GCC_WARN_64_TO_32_BIT_CONVERSION = YES;
				GCC_WARN_ABOUT_RETURN_TYPE = YES_ERROR;
				GCC_WARN_UNDECLARED_SELECTOR = YES;
				GCC_WARN_UNINITIALIZED_AUTOS = YES_AGGRESSIVE;
				GCC_WARN_UNUSED_FUNCTION = YES;
				GCC_WARN_UNUSED_VARIABLE = YES;
				MACOSX_DEPLOYMENT_TARGET = 10.12;
				MTL_ENABLE_DEBUG_INFO = YES;
				ONLY_ACTIVE_ARCH = YES;
				SDKROOT = macosx;
			};
			name = Debug;
		};
		1A5E2B231DD19CE70028DA9F /* Release */ = {
			isa = XCBuildConfiguration;
			buildSettings = {
				ALWAYS_SEARCH_USER_PATHS = NO;
				CLANG_ANALYZER_NONNULL = YES;
				CLANG_CXX_LANGUAGE_STANDARD = "gnu++0x";
				CLANG_CXX_LIBRARY = "libc++";
				CLANG_ENABLE_MODULES = YES;
				CLANG_ENABLE_OBJC_ARC = YES;
				CLANG_WARN_BOOL_CONVERSION = YES;
				CLANG_WARN_CONSTANT_CONVERSION = YES;
				CLANG_WARN_DIRECT_OBJC_ISA_USAGE = YES_ERROR;
				CLANG_WARN_DOCUMENTATION_COMMENTS = YES;
				CLANG_WARN_EMPTY_BODY = YES;
				CLANG_WARN_ENUM_CONVERSION = YES;
				CLANG_WARN_INFINITE_RECURSION = YES;
				CLANG_WARN_INT_CONVERSION = YES;
				CLANG_WARN_OBJC_ROOT_CLASS = YES_ERROR;
				CLANG_WARN_SUSPICIOUS_MOVES = YES;
				CLANG_WARN_UNREACHABLE_CODE = YES;
				CLANG_WARN__DUPLICATE_METHOD_MATCH = YES;
				CODE_SIGN_IDENTITY = "-";
				COPY_PHASE_STRIP = NO;
				DEBUG_INFORMATION_FORMAT = "dwarf-with-dsym";
				ENABLE_NS_ASSERTIONS = NO;
				ENABLE_STRICT_OBJC_MSGSEND = YES;
				GCC_C_LANGUAGE_STANDARD = gnu99;
				GCC_NO_COMMON_BLOCKS = YES;
				GCC_WARN_64_TO_32_BIT_CONVERSION = YES;
				GCC_WARN_ABOUT_RETURN_TYPE = YES_ERROR;
				GCC_WARN_UNDECLARED_SELECTOR = YES;
				GCC_WARN_UNINITIALIZED_AUTOS = YES_AGGRESSIVE;
				GCC_WARN_UNUSED_FUNCTION = YES;
				GCC_WARN_UNUSED_VARIABLE = YES;
				MACOSX_DEPLOYMENT_TARGET = 10.12;
				MTL_ENABLE_DEBUG_INFO = NO;
				SDKROOT = macosx;
			};
			name = Release;
		};
		1A5E2B251DD19CE70028DA9F /* Debug */ = {
			isa = XCBuildConfiguration;
			buildSettings = {
				PRODUCT_NAME = "$(TARGET_NAME)";
			};
			name = Debug;
		};
		1A5E2B261DD19CE70028DA9F /* Release */ = {
			isa = XCBuildConfiguration;
			buildSettings = {
				PRODUCT_NAME = "$(TARGET_NAME)";
			};
			name = Release;
		};
/* End XCBuildConfiguration section */

/* Begin XCConfigurationList section */
		1A5E2B181DD19CE70028DA9F /* Build configuration list for PBXProject "tradeAnalyzer" */ = {
			isa = XCConfigurationList;
			buildConfigurations = (
				1A5E2B221DD19CE70028DA9F /* Debug */,
				1A5E2B231DD19CE70028DA9F /* Release */,
			);
			defaultConfigurationIsVisible = 0;
			defaultConfigurationName = Release;
		};
		1A5E2B241DD19CE70028DA9F /* Build configuration list for PBXNativeTarget "tradeAnalyzer" */ = {
			isa = XCConfigurationList;
			buildConfigurations = (
				1A5E2B251DD19CE70028DA9F /* Debug */,
				1A5E2B261DD19CE70028DA9F /* Release */,
			);
			defaultConfigurationIsVisible = 0;
		};
/* End XCConfigurationList section */
	};
	rootObject = 1A5E2B151DD19CE70028DA9F /* Project object */;
}
